{
  "name": "simplenote",
  "version": "1.0.0",
  "lockfileVersion": 3,
  "requires": true,
  "packages": {
    "": {
      "name": "simplenote",
      "version": "1.0.0",
      "license": "ISC",
      "dependencies": {
        "@cloudbase/adapter-uni-app": "^1.0.0-beta.4",
        "@cloudbase/js-sdk": "^1.8.4"
      }
    },
    "node_modules/@cloudbase/adapter-interface": {
      "version": "0.4.1",
      "resolved": "https://registry.npmmirror.com/@cloudbase/adapter-interface/-/adapter-interface-0.4.1.tgz",
      "integrity": "sha512-DJBhBUMg6pYByaw4II7rawbW8nu+x+faZFIxIkWeTRSxboW/jS3NpBQ7kAbycEJVAB2DO77FsnaHKYAMLnvwzw==",
      "license": "ISC"
    },
    "node_modules/@cloudbase/adapter-uni-app": {
      "version": "1.0.0-beta.4",
      "resolved": "https://registry.npmmirror.com/@cloudbase/adapter-uni-app/-/adapter-uni-app-1.0.0-beta.4.tgz",
      "integrity": "sha512-7XsGXl1+5HOAUQBKekLVmC85x6nqmdtF/4NWX4hhpFuanwoPEMs4NKQgXn4cPvy80f8EXtXhnjtn1YRm0plbVw==",
      "license": "ISC",
      "dependencies": {
        "@cloudbase/adapter-interface": "0.7.1",
        "web-streams-polyfill": "^4.0.0"
      }
    },
    "node_modules/@cloudbase/adapter-uni-app/node_modules/@cloudbase/adapter-interface": {
      "version": "0.7.1",
      "resolved": "https://registry.npmmirror.com/@cloudbase/adapter-interface/-/adapter-interface-0.7.1.tgz",
      "integrity": "sha512-BjHTAvIMSLxbp26SeT6qLiSSBygz3kAVno/PMwwBwjgzVkVUvuZGVcvf1mhHxY/BjdRGLrd6X60OgvymV/aAUw==",
      "license": "ISC"
    },
    "node_modules/@cloudbase/analytics": {
      "version": "1.8.4",
      "resolved": "https://registry.npmmirror.com/@cloudbase/analytics/-/analytics-1.8.4.tgz",
      "integrity": "sha512-paOcL9VV/A+2SIAUHI8Z6bRsYLS7Ork8py86gnscdgpcyXI318Kw79icZ5HVgX8G1IFVt6xOPiV25gILOYd1xQ==",
      "license": "ISC",
      "dependencies": {
        "@cloudbase/functions": "^1.8.4",
        "@cloudbase/types": "^1.8.4"
      }
    },
    "node_modules/@cloudbase/app": {
      "version": "1.8.4",
      "resolved": "https://registry.npmmirror.com/@cloudbase/app/-/app-1.8.4.tgz",
      "integrity": "sha512-9tI2I9ccyTwW8uzw/PrwO3k7BsIxyWwGKizbC6sCEtQTNMSzZbxZ8XIfuZcpvjHeiGaAzSNp3NZGeLZzTUd3zA==",
      "license": "ISC",
      "dependencies": {
        "@cloudbase/adapter-interface": "^0.4.0",
        "@cloudbase/types": "^1.8.4",
        "@cloudbase/utilities": "^1.8.4",
        "cloudbase-adapter-wx_mp": "0.2.0"
      }
    },
    "node_modules/@cloudbase/auth": {
      "version": "1.8.4",
      "resolved": "https://registry.npmmirror.com/@cloudbase/auth/-/auth-1.8.4.tgz",
      "integrity": "sha512-rQ2PBdHSP3oVC+dBFQuo42h1Q5w9whh/kvkf8NgLVmLtQ8b4SSUR8RN59RB867v876OO6yJnF5Bx/MKu272tww==",
      "license": "ISC",
      "dependencies": {
        "@cloudbase/adapter-interface": "^0.4.0",
        "@cloudbase/app": "^1.8.4",
        "@cloudbase/types": "^1.8.4",
        "@cloudbase/utilities": "^1.8.4",
        "sourcemapped-stacktrace": "^1.1.11"
      }
    },
    "node_modules/@cloudbase/database": {
      "version": "0.9.22",
      "resolved": "https://registry.npmmirror.com/@cloudbase/database/-/database-0.9.22.tgz",
      "integrity": "sha512-Q3QFi3uIfZaJFYdR00JOBdWTt4QbFCY95OciEW20Vhh6WQKAv2mecYoxw57OGeNCECLM8/5uAFPq4xVYEjakxA==",
      "license": "ISC",
      "dependencies": {
        "bson": "^4.0.2"
      }
    },
    "node_modules/@cloudbase/functions": {
      "version": "1.8.4",
      "resolved": "https://registry.npmmirror.com/@cloudbase/functions/-/functions-1.8.4.tgz",
      "integrity": "sha512-B8vV+qPpquebVNpbK6w3NE9Ki66LYteEBZFJeQdYKzYaBT3EksRyAggv/EO7wI8M9jRM+3zq7TWhgsHg+xDbfQ==",
      "license": "Apache-2.0",
      "dependencies": {
        "@cloudbase/adapter-interface": "^0.4.0",
        "@cloudbase/types": "^1.8.4",
        "@cloudbase/utilities": "^1.8.4"
      }
    },
    "node_modules/@cloudbase/js-sdk": {
      "version": "1.8.4",
      "resolved": "https://registry.npmmirror.com/@cloudbase/js-sdk/-/js-sdk-1.8.4.tgz",
      "integrity": "sha512-XqwrtyO4zHZE43BW9FMTZ/lunJbPXUmz+IbA0XDfYWaSWFG2cIH3uL0dAV8mO8pyinQHodLtrdgSeCait/WMoA==",
      "license": "ISC",
      "dependencies": {
        "@cloudbase/analytics": "^1.8.4",
        "@cloudbase/app": "^1.8.4",
        "@cloudbase/auth": "^1.8.4",
        "@cloudbase/database": "0.9.22",
        "@cloudbase/functions": "^1.8.4",
        "@cloudbase/realtime": "^1.8.4",
        "@cloudbase/storage": "^1.8.4",
        "@cloudbase/types": "^1.8.4",
        "@cloudbase/utilities": "^1.8.4"
      }
    },
    "node_modules/@cloudbase/realtime": {
      "version": "1.8.4",
      "resolved": "https://registry.npmmirror.com/@cloudbase/realtime/-/realtime-1.8.4.tgz",
      "integrity": "sha512-ExmC5pbnihFdIBVzSDUeVsHFgqU+/TbrRzFNMOf7i8zSVW01HKjcBnz2TojGlf6Jf+7MMxnDRaPzpP8AtZKU/Q==",
      "license": "ISC",
      "dependencies": {
        "@cloudbase/types": "^1.8.4",
        "lodash.clonedeep": "^4.5.0",
        "lodash.set": "^4.3.2",
        "lodash.unset": "^4.5.2"
      }
    },
    "node_modules/@cloudbase/storage": {
      "version": "1.8.4",
      "resolved": "https://registry.npmmirror.com/@cloudbase/storage/-/storage-1.8.4.tgz",
      "integrity": "sha512-j0YZyPrAKDBehgSVl39uoi2u/0GOFaxIczBRoyTI6S3Z3nw0Z5n0h4lm3WdXaX+scGcuSSdUo+Bm0Cl/hET11g==",
      "license": "ISC",
      "dependencies": {
        "@cloudbase/types": "^1.8.4",
        "@cloudbase/utilities": "^1.8.4"
      }
    },
    "node_modules/@cloudbase/types": {
      "version": "1.8.4",
      "resolved": "https://registry.npmmirror.com/@cloudbase/types/-/types-1.8.4.tgz",
      "integrity": "sha512-imFEHcrAORsFlWt4dwVAY0neo3Vfye4MNaYwGWfLXlheQPElFBwfC167hO9DYA/RVntmswTj4eYZDL1cd2FqZA==",
      "license": "ISC",
      "dependencies": {
        "@cloudbase/adapter-interface": "^0.4.0"
      }
    },
    "node_modules/@cloudbase/utilities": {
      "version": "1.8.4",
      "resolved": "https://registry.npmmirror.com/@cloudbase/utilities/-/utilities-1.8.4.tgz",
      "integrity": "sha512-+xgQA1fCyASekWrmXDgXEhYGh8i4Ot9WWfOH9LLVg3Cy1yZzTMcXjnWxYD9dpsjgvfhRkKDqDmlUVfOea0BQjQ==",
      "license": "ISC",
      "dependencies": {
        "@cloudbase/adapter-interface": "^0.4.0",
        "@cloudbase/types": "^1.8.4",
        "crypto-js": "4.2.0"
      }
    },
    "node_modules/base64-js": {
      "version": "1.5.1",
      "resolved": "https://registry.npmmirror.com/base64-js/-/base64-js-1.5.1.tgz",
      "integrity": "sha512-AKpaYlHn8t4SVbOHCy+b5+KKgvR4vrsD8vbvrbiQJps7fKDTkjkDry6ji0rUJjC0kzbNePLwzxq8iypo41qeWA==",
      "funding": [
        {
          "type": "github",
          "url": "https://github.com/sponsors/feross"
        },
        {
          "type": "patreon",
          "url": "https://www.patreon.com/feross"
        },
        {
          "type": "consulting",
          "url": "https://feross.org/support"
        }
      ],
      "license": "MIT"
    },
    "node_modules/bson": {
      "version": "4.7.2",
      "resolved": "https://registry.npmmirror.com/bson/-/bson-4.7.2.tgz",
      "integrity": "sha512-Ry9wCtIZ5kGqkJoi6aD8KjxFZEx78guTQDnpXWiNthsxzrxAK/i8E6pCHAIZTbaEFWcOCvbecMukfK7XUvyLpQ==",
      "license": "Apache-2.0",
      "dependencies": {
        "buffer": "^5.6.0"
      },
      "engines": {
        "node": ">=6.9.0"
      }
    },
    "node_modules/buffer": {
      "version": "5.7.1",
      "resolved": "https://registry.npmmirror.com/buffer/-/buffer-5.7.1.tgz",
      "integrity": "sha512-EHcyIPBQ4BSGlvjB16k5KgAJ27CIsHY/2JBmCRReo48y9rQ3MaUzWX3KVlBa4U7MyX02HdVj0K7C3WaB3ju7FQ==",
      "funding": [
        {
          "type": "github",
          "url": "https://github.com/sponsors/feross"
        },
        {
          "type": "patreon",
          "url": "https://www.patreon.com/feross"
        },
        {
          "type": "consulting",
          "url": "https://feross.org/support"
        }
      ],
      "license": "MIT",
      "dependencies": {
        "base64-js": "^1.3.1",
        "ieee754": "^1.1.13"
      }
    },
    "node_modules/cloudbase-adapter-wx_mp": {
      "version": "0.2.0",
      "resolved": "https://registry.npmmirror.com/cloudbase-adapter-wx_mp/-/cloudbase-adapter-wx_mp-0.2.0.tgz",
      "integrity": "sha512-GiQGm11cH0K8oKY5tuJZm7DgsM2+WUw5toteMJlKTLMH4ouFrizu5J228I2kXtEWU+u/wE+5tuNGrEdhlfpkZQ==",
      "license": "ISC",
      "dependencies": {
        "@cloudbase/adapter-interface": "^0.4.0"
      }
    },
    "node_modules/crypto-js": {
      "version": "4.2.0",
      "resolved": "https://registry.npmmirror.com/crypto-js/-/crypto-js-4.2.0.tgz",
      "integrity": "sha512-KALDyEYgpY+Rlob/iriUtjV6d5Eq+Y191A5g4UqLAi8CyGP9N1+FdVbkc1SxKc2r4YAYqG8JzO2KGL+AizD70Q==",
      "license": "MIT"
    },
    "node_modules/ieee754": {
      "version": "1.2.1",
      "resolved": "https://registry.npmmirror.com/ieee754/-/ieee754-1.2.1.tgz",
      "integrity": "sha512-dcyqhDvX1C46lXZcVqCpK+FtMRQVdIMN6/Df5js2zouUsqG7I6sFxitIC+7KYK29KdXOLHdu9zL4sFnoVQnqaA==",
      "funding": [
        {
          "type": "github",
          "url": "https://github.com/sponsors/feross"
        },
        {
          "type": "patreon",
          "url": "https://www.patreon.com/feross"
        },
        {
          "type": "consulting",
          "url": "https://feross.org/support"
        }
      ],
      "license": "BSD-3-Clause"
    },
    "node_modules/lodash.clonedeep": {
      "version": "4.5.0",
      "resolved": "https://registry.npmmirror.com/lodash.clonedeep/-/lodash.clonedeep-4.5.0.tgz",
      "integrity": "sha512-H5ZhCF25riFd9uB5UCkVKo61m3S/xZk1x4wA6yp/L3RFP6Z/eHH1ymQcGLo7J3GMPfm0V/7m1tryHuGVxpqEBQ==",
      "license": "MIT"
    },
    "node_modules/lodash.set": {
      "version": "4.3.2",
      "resolved": "https://registry.npmmirror.com/lodash.set/-/lodash.set-4.3.2.tgz",
      "integrity": "sha512-4hNPN5jlm/N/HLMCO43v8BXKq9Z7QdAGc/VGrRD61w8gN9g/6jF9A4L1pbUgBLCffi0w9VsXfTOij5x8iTyFvg==",
      "license": "MIT"
    },
    "node_modules/lodash.unset": {
      "version": "4.5.2",
      "resolved": "https://registry.npmmirror.com/lodash.unset/-/lodash.unset-4.5.2.tgz",
      "integrity": "sha512-bwKX88k2JhCV9D1vtE8+naDKlLiGrSmf8zi/Y9ivFHwbmRfA8RxS/aVJ+sIht2XOwqoNr4xUPUkGZpc1sHFEKg==",
      "license": "MIT"
    },
    "node_modules/source-map": {
      "version": "0.5.6",
      "resolved": "https://registry.npmmirror.com/source-map/-/source-map-0.5.6.tgz",
      "integrity": "sha512-MjZkVp0NHr5+TPihLcadqnlVoGIoWo4IBHptutGh9wI3ttUYvCG26HkSuDi+K6lsZ25syXJXcctwgyVCt//xqA==",
      "license": "BSD-3-Clause",
      "engines": {
        "node": ">=0.10.0"
      }
    },
    "node_modules/sourcemapped-stacktrace": {
      "version": "1.1.11",
      "resolved": "https://registry.npmmirror.com/sourcemapped-stacktrace/-/sourcemapped-stacktrace-1.1.11.tgz",
      "integrity": "sha512-O0pcWjJqzQFVsisPlPXuNawJHHg9N9UgpJ/aDmvi9+vnS3x1C0NhwkVFzzZ1VN0Xo+bekyweoqYvBw5ZBKiNnQ==",
      "license": "BSD-3-Clause",
      "dependencies": {
        "source-map": "0.5.6"
      }
    },
    "node_modules/web-streams-polyfill": {
      "version": "4.2.0",
      "resolved": "https://registry.npmmirror.com/web-streams-polyfill/-/web-streams-polyfill-4.2.0.tgz",
      "integrity": "sha512-0rYDzGOh9EZpig92umN5g5D/9A1Kff7k0/mzPSSCY8jEQeYkgRMoY7LhbXtUCWzLCMX0TUE9aoHkjFNB7D9pfA==",
      "license": "MIT",
      "workspaces": [
        "test/benchmark-test",
        "test/rollup-test",
        "test/webpack-test"
      ],
      "engines": {
        "node": ">= 8"
      }
    }
  }
}
